# THIS IS AN AUTOGENERATED FILE. DO NOT EDIT THIS FILE DIRECTLY.
# yarn lockfile v1


react-native-sqlite-storage@^5.0.0:
  version "5.0.0"
  resolved "https://registry.yarnpkg.com/react-native-sqlite-storage/-/react-native-sqlite-storage-5.0.0.tgz#fb015c928b59d3000360fb0774a99545e7a695d6"
  integrity sha512-c1Joq3/tO1nmIcP8SkRZNolPSbfvY8uZg5lXse0TmjIPC0qHVbk96IMvWGyly1TmYCIpxpuDRc0/xCffDbYIvg==
